// !$*UTF8*$!
{
	archiveVersion = 1;
	classes = {
	};
	objectVersion = 46;
	objects = {

/* Begin PBXBuildFile section */
		18CF02C021208466003F3CB7 /* LFCollectPageViewController.swift in Sources */ = {isa = PBXBuildFile; fileRef = 18CF02BF21208466003F3CB7 /* LFCollectPageViewController.swift */; };
		18EB49911D694AC600D56D77 /* AppDelegate.swift in Sources */ = {isa = PBXBuildFile; fileRef = 18EB49901D694AC600D56D77 /* AppDelegate.swift */; };
		18EB49931D694AC600D56D77 /* ViewController.swift in Sources */ = {isa = PBXBuildFile; fileRef = 18EB49921D694AC600D56D77 /* ViewController.swift */; };
		18EB49961D694AC600D56D77 /* Main.storyboard in Resources */ = {isa = PBXBuildFile; fileRef = 18EB49941D694AC600D56D77 /* Main.storyboard */; };
		18EB49981D694AC600D56D77 /* Assets.xcassets in Resources */ = {isa = PBXBuildFile; fileRef = 18EB49971D694AC600D56D77 /* Assets.xcassets */; };
		18EB499B1D694AC600D56D77 /* LaunchScreen.storyboard in Resources */ = {isa = PBXBuildFile; fileRef = 18EB49991D694AC600D56D77 /* LaunchScreen.storyboard */; };
		18EB49A31D694B0500D56D77 /* LFPageViewController.swift in Sources */ = {isa = PBXBuildFile; fileRef = 18EB49A21D694B0500D56D77 /* LFPageViewController.swift */; };
		18EB49A51D69D87900D56D77 /* OneViewController.swift in Sources */ = {isa = PBXBuildFile; fileRef = 18EB49A41D69D87900D56D77 /* OneViewController.swift */; };
		18EB49A71D69D88F00D56D77 /* TwoTableViewController.swift in Sources */ = {isa = PBXBuildFile; fileRef = 18EB49A61D69D88F00D56D77 /* TwoTableViewController.swift */; };
		6BA7D9BF1D6BEB48004B1370 /* UIViewController+Child.swift in Sources */ = {isa = PBXBuildFile; fileRef = 6BA7D9BE1D6BEB48004B1370 /* UIViewController+Child.swift */; };
/* End PBXBuildFile section */

/* Begin PBXFileReference section */
		18CF02BF21208466003F3CB7 /* LFCollectPageViewController.swift */ = {isa = PBXFileReference; lastKnownFileType = sourcecode.swift; path = LFCollectPageViewController.swift; sourceTree = "<group>"; };
		18EB498D1D694AC600D56D77 /* LFPageViewController.app */ = {isa = PBXFileReference; explicitFileType = wrapper.application; includeInIndex = 0; path = LFPageViewController.app; sourceTree = BUILT_PRODUCTS_DIR; };
		18EB49901D694AC600D56D77 /* AppDelegate.swift */ = {isa = PBXFileReference; lastKnownFileType = sourcecode.swift; path = AppDelegate.swift; sourceTree = "<group>"; };
		18EB49921D694AC600D56D77 /* ViewController.swift */ = {isa = PBXFileReference; lastKnownFileType = sourcecode.swift; path = ViewController.swift; sourceTree = "<group>"; };
		18EB49951D694AC600D56D77 /* Base */ = {isa = PBXFileReference; lastKnownFileType = file.storyboard; name = Base; path = Base.lproj/Main.storyboard; sourceTree = "<group>"; };
		18EB49971D694AC600D56D77 /* Assets.xcassets */ = {isa = PBXFileReference; lastKnownFileType = folder.assetcatalog; path = Assets.xcassets; sourceTree = "<group>"; };
		18EB499A1D694AC600D56D77 /* Base */ = {isa = PBXFileReference; lastKnownFileType = file.storyboard; name = Base; path = Base.lproj/LaunchScreen.storyboard; sourceTree = "<group>"; };
		18EB499C1D694AC600D56D77 /* Info.plist */ = {isa = PBXFileReference; lastKnownFileType = text.plist.xml; path = Info.plist; sourceTree = "<group>"; };
		18EB49A21D694B0500D56D77 /* LFPageViewController.swift */ = {isa = PBXFileReference; fileEncoding = 4; lastKnownFileType = sourcecode.swift; path = LFPageViewController.swift; sourceTree = "<group>"; };
		18EB49A41D69D87900D56D77 /* OneViewController.swift */ = {isa = PBXFileReference; fileEncoding = 4; lastKnownFileType = sourcecode.swift; path = OneViewController.swift; sourceTree = "<group>"; };
		18EB49A61D69D88F00D56D77 /* TwoTableViewController.swift */ = {isa = PBXFileReference; fileEncoding = 4; lastKnownFileType = sourcecode.swift; path = TwoTableViewController.swift; sourceTree = "<group>"; };
		6BA7D9BE1D6BEB48004B1370 /* UIViewController+Child.swift */ = {isa = PBXFileReference; fileEncoding = 4; lastKnownFileType = sourcecode.swift; path = "UIViewController+Child.swift"; sourceTree = "<group>"; };
/* End PBXFileReference section */

/* Begin PBXFrameworksBuildPhase section */
		18EB498A1D694AC600D56D77 /* Frameworks */ = {
			isa = PBXFrameworksBuildPhase;
			buildActionMask = 2147483647;
			files = (
			);
			runOnlyForDeploymentPostprocessing = 0;
		};
/* End PBXFrameworksBuildPhase section */

/* Begin PBXGroup section */
		18EB49841D694AC600D56D77 = {
			isa = PBXGroup;
			children = (
				18EB498F1D694AC600D56D77 /* LFPageViewController */,
				18EB498E1D694AC600D56D77 /* Products */,
			);
			sourceTree = "<group>";
		};
		18EB498E1D694AC600D56D77 /* Products */ = {
			isa = PBXGroup;
			children = (
				18EB498D1D694AC600D56D77 /* LFPageViewController.app */,
			);
			name = Products;
			sourceTree = "<group>";
		};
		18EB498F1D694AC600D56D77 /* LFPageViewController */ = {
			isa = PBXGroup;
			children = (
				18EB49A21D694B0500D56D77 /* LFPageViewController.swift */,
				18CF02BF21208466003F3CB7 /* LFCollectPageViewController.swift */,
				6BA7D9BE1D6BEB48004B1370 /* UIViewController+Child.swift */,
				18EB49901D694AC600D56D77 /* AppDelegate.swift */,
				18EB49921D694AC600D56D77 /* ViewController.swift */,
				18EB49941D694AC600D56D77 /* Main.storyboard */,
				18EB49971D694AC600D56D77 /* Assets.xcassets */,
				18EB49991D694AC600D56D77 /* LaunchScreen.storyboard */,
				18EB499C1D694AC600D56D77 /* Info.plist */,
				18EB49A41D69D87900D56D77 /* OneViewController.swift */,
				18EB49A61D69D88F00D56D77 /* TwoTableViewController.swift */,
			);
			path = LFPageViewController;
			sourceTree = "<group>";
		};
/* End PBXGroup section */

/* Begin PBXNativeTarget section */
		18EB498C1D694AC600D56D77 /* LFPageViewController */ = {
			isa = PBXNativeTarget;
			buildConfigurationList = 18EB499F1D694AC600D56D77 /* Build configuration list for PBXNativeTarget "LFPageViewController" */;
			buildPhases = (
				18EB49891D694AC600D56D77 /* Sources */,
				18EB498A1D694AC600D56D77 /* Frameworks */,
				18EB498B1D694AC600D56D77 /* Resources */,
			);
			buildRules = (
			);
			dependencies = (
			);
			name = LFPageViewController;
			productName = LFPageViewController;
			productReference = 18EB498D1D694AC600D56D77 /* LFPageViewController.app */;
			productType = "com.apple.product-type.application";
		};
/* End PBXNativeTarget section */

/* Begin PBXProject section */
		18EB49851D694AC600D56D77 /* Project object */ = {
			isa = PBXProject;
			attributes = {
				LastSwiftUpdateCheck = 0730;
				LastUpgradeCheck = 0920;
				ORGANIZATIONNAME = mlf;
				TargetAttributes = {
					18EB498C1D694AC600D56D77 = {
						CreatedOnToolsVersion = 7.3;
						DevelopmentTeam = Y76DE56JSY;
					};
				};
			};
			buildConfigurationList = 18EB49881D694AC600D56D77 /* Build configuration list for PBXProject "LFPageViewController" */;
			compatibilityVersion = "Xcode 3.2";
			developmentRegion = English;
			hasScannedForEncodings = 0;
			knownRegions = (
				en,
				Base,
			);
			mainGroup = 18EB49841D694AC600D56D77;
			productRefGroup = 18EB498E1D694AC600D56D77 /* Products */;
			projectDirPath = "";
			projectRoot = "";
			targets = (
				18EB498C1D694AC600D56D77 /* LFPageViewController */,
			);
		};
/* End PBXProject section */

/* Begin PBXResourcesBuildPhase section */
		18EB498B1D694AC600D56D77 /* Resources */ = {
			isa = PBXResourcesBuildPhase;
			buildActionMask = 2147483647;
			files = (
				18EB499B1D694AC600D56D77 /* LaunchScreen.storyboard in Resources */,
				18EB49981D694AC600D56D77 /* Assets.xcassets in Resources */,
				18EB49961D694AC600D56D77 /* Main.storyboard in Resources */,
			);
			runOnlyForDeploymentPostprocessing = 0;
		};
/* End PBXResourcesBuildPhase section */

/* Begin PBXSourcesBuildPhase section */
		18EB49891D694AC600D56D77 /* Sources */ = {
			isa = PBXSourcesBuildPhase;
			buildActionMask = 2147483647;
			files = (
				18EB49931D694AC600D56D77 /* ViewController.swift in Sources */,
				18EB49911D694AC600D56D77 /* AppDelegate.swift in Sources */,
				6BA7D9BF1D6BEB48004B1370 /* UIViewController+Child.swift in Sources */,
				18EB49A71D69D88F00D56D77 /* TwoTableViewController.swift in Sources */,
				18CF02C021208466003F3CB7 /* LFCollectPageViewController.swift in Sources */,
				18EB49A31D694B0500D56D77 /* LFPageViewController.swift in Sources */,
				18EB49A51D69D87900D56D77 /* OneViewController.swift in Sources */,
			);
			runOnlyForDeploymentPostprocessing = 0;
		};
/* End PBXSourcesBuildPhase section */

/* Begin PBXVariantGroup section */
		18EB49941D694AC600D56D77 /* Main.storyboard */ = {
			isa = PBXVariantGroup;
			children = (
				18EB49951D694AC600D56D77 /* Base */,
			);
			name = Main.storyboard;
			sourceTree = "<group>";
		};
		18EB49991D694AC600D56D77 /* LaunchScreen.storyboard */ = {
			isa = PBXVariantGroup;
			children = (
				18EB499A1D694AC600D56D77 /* Base */,
			);
			name = LaunchScreen.storyboard;
			sourceTree = "<group>";
		};
/* End PBXVariantGroup section */

/* Begin XCBuildConfiguration section */
		18EB499D1D694AC600D56D77 /* Debug */ = {
			isa = XCBuildConfiguration;
			buildSettings = {
				ALWAYS_SEARCH_USER_PATHS = NO;
				CLANG_ANALYZER_NONNULL = YES;
				CLANG_CXX_LANGUAGE_STANDARD = "gnu++0x";
				CLANG_CXX_LIBRARY = "libc++";
				CLANG_ENABLE_MODULES = YES;
				CLANG_ENABLE_OBJC_ARC = YES;
				CLANG_WARN_BLOCK_CAPTURE_AUTORELEASING = YES;
				CLANG_WARN_BOOL_CONVERSION = YES;
				CLANG_WARN_COMMA = YES;
				CLANG_WARN_CONSTANT_CONVERSION = YES;
				CLANG_WARN_DIRECT_OBJC_ISA_USAGE = YES_ERROR;
				CLANG_WARN_EMPTY_BODY = YES;
				CLANG_WARN_ENUM_CONVERSION = YES;
				CLANG_WARN_INFINITE_RECURSION = YES;
				CLANG_WARN_INT_CONVERSION = YES;
				CLANG_WARN_NON_LITERAL_NULL_CONVERSION = YES;
				CLANG_WARN_OBJC_LITERAL_CONVERSION = YES;
				CLANG_WARN_OBJC_ROOT_CLASS = YES_ERROR;
				CLANG_WARN_RANGE_LOOP_ANALYSIS = YES;
				CLANG_WARN_STRICT_PROTOTYPES = YES;
				CLANG_WARN_SUSPICIOUS_MOVE = YES;
				CLANG_WARN_UNREACHABLE_CODE = YES;
				CLANG_WARN__DUPLICATE_METHOD_MATCH = YES;
				"CODE_SIGN_IDENTITY[sdk=iphoneos*]" = "iPhone Developer";
				COPY_PHASE_STRIP = NO;
				DEBUG_INFORMATION_FORMAT = dwarf;
				ENABLE_STRICT_OBJC_MSGSEND = YES;
				ENABLE_TESTABILITY = YES;
				GCC_C_LANGUAGE_STANDARD = gnu99;
				GCC_DYNAMIC_NO_PIC = NO;
				GCC_NO_COMMON_BLOCKS = YES;
				GCC_OPTIMIZATION_LEVEL = 0;
				GCC_PREPROCESSOR_DEFINITIONS = (
					"DEBUG=1",
					"$(inherited)",
				);
				GCC_WARN_64_TO_32_BIT_CONVERSION = YES;
				GCC_WARN_ABOUT_RETURN_TYPE = YES_ERROR;
				GCC_WARN_UNDECLARED_SELECTOR = YES;
				GCC_WARN_UNINITIALIZED_AUTOS = YES_AGGRESSIVE;
				GCC_WARN_UNUSED_FUNCTION = YES;
				GCC_WARN_UNUSED_VARIABLE = YES;
				IPHONEOS_DEPLOYMENT_TARGET = 9.3;
				MTL_ENABLE_DEBUG_INFO = YES;
				ONLY_ACTIVE_ARCH = YES;
				SDKROOT = iphoneos;
				SWIFT_OPTIMIZATION_LEVEL = "-Onone";
				SWIFT_VERSION = 4.0;
				TARGETED_DEVICE_FAMILY = "1,2";
			};
			name = Debug;
		};
		18EB499E1D694AC600D56D77 /* Release */ = {
			isa = XCBuildConfiguration;
			buildSettings = {
				ALWAYS_SEARCH_USER_PATHS = NO;
				CLANG_ANALYZER_NONNULL = YES;
				CLANG_CXX_LANGUAGE_STANDARD = "gnu++0x";
				CLANG_CXX_LIBRARY = "libc++";
				CLANG_ENABLE_MODULES = YES;
				CLANG_ENABLE_OBJC_ARC = YES;
				CLANG_WARN_BLOCK_CAPTURE_AUTORELEASING = YES;
				CLANG_WARN_BOOL_CONVERSION = YES;
				CLANG_WARN_COMMA = YES;
				CLANG_WARN_CONSTANT_CONVERSION = YES;
				CLANG_WARN_DIRECT_OBJC_ISA_USAGE = YES_ERROR;
				CLANG_WARN_EMPTY_BODY = YES;
				CLANG_WARN_ENUM_CONVERSION = YES;
				CLANG_WARN_INFINITE_RECURSION = YES;
				CLANG_WARN_INT_CONVERSION = YES;
				CLANG_WARN_NON_LITERAL_NULL_CONVERSION = YES;
				CLANG_WARN_OBJC_LITERAL_CONVERSION = YES;
				CLANG_WARN_OBJC_ROOT_CLASS = YES_ERROR;
				CLANG_WARN_RANGE_LOOP_ANALYSIS = YES;
				CLANG_WARN_STRICT_PROTOTYPES = YES;
				CLANG_WARN_SUSPICIOUS_MOVE = YES;
				CLANG_WARN_UNREACHABLE_CODE = YES;
				CLANG_WARN__DUPLICATE_METHOD_MATCH = YES;
				"CODE_SIGN_IDENTITY[sdk=iphoneos*]" = "iPhone Developer";
				COPY_PHASE_STRIP = NO;
				DEBUG_INFORMATION_FORMAT = "dwarf-with-dsym";
				ENABLE_NS_ASSERTIONS = NO;
				ENABLE_STRICT_OBJC_MSGSEND = YES;
				GCC_C_LANGUAGE_STANDARD = gnu99;
				GCC_NO_COMMON_BLOCKS = YES;
				GCC_WARN_64_TO_32_BIT_CONVERSION = YES;
				GCC_WARN_ABOUT_RETURN_TYPE = YES_ERROR;
				GCC_WARN_UNDECLARED_SELECTOR = YES;
				GCC_WARN_UNINITIALIZED_AUTOS = YES_AGGRESSIVE;
				GCC_WARN_UNUSED_FUNCTION = YES;
				GCC_WARN_UNUSED_VARIABLE = YES;
				IPHONEOS_DEPLOYMENT_TARGET = 9.3;
				MTL_ENABLE_DEBUG_INFO = NO;
				SDKROOT = iphoneos;
				SWIFT_OPTIMIZATION_LEVEL = "-Owholemodule";
				SWIFT_VERSION = 4.0;
				TARGETED_DEVICE_FAMILY = "1,2";
				VALIDATE_PRODUCT = YES;
			};
			name = Release;
		};
		18EB49A01D694AC600D56D77 /* Debug */ = {
			isa = XCBuildConfiguration;
			buildSettings = {
				ASSETCATALOG_COMPILER_APPICON_NAME = AppIcon;
				CODE_SIGN_IDENTITY = "iPhone Developer";
				"CODE_SIGN_IDENTITY[sdk=iphoneos*]" = "iPhone Developer";
				INFOPLIST_FILE = LFPageViewController/Info.plist;
				IPHONEOS_DEPLOYMENT_TARGET = 8.0;
				LD_RUNPATH_SEARCH_PATHS = "$(inherited) @executable_path/Frameworks";
				PRODUCT_BUNDLE_IDENTIFIER = com.mlf.mobile.LFPageViewController;
				PRODUCT_NAME = "$(TARGET_NAME)";
				PROVISIONING_PROFILE = "";
				SWIFT_VERSION = 4.0;
			};
			name = Debug;
		};
		18EB49A11D694AC600D56D77 /* Release */ = {
			isa = XCBuildConfiguration;
			buildSettings = {
				ASSETCATALOG_COMPILER_APPICON_NAME = AppIcon;
				CODE_SIGN_IDENTITY = "iPhone Developer";
				"CODE_SIGN_IDENTITY[sdk=iphoneos*]" = "iPhone Developer";
				INFOPLIST_FILE = LFPageViewController/Info.plist;
				IPHONEOS_DEPLOYMENT_TARGET = 8.0;
				LD_RUNPATH_SEARCH_PATHS = "$(inherited) @executable_path/Frameworks";
				PRODUCT_BUNDLE_IDENTIFIER = com.mlf.mobile.LFPageViewController;
				PRODUCT_NAME = "$(TARGET_NAME)";
				PROVISIONING_PROFILE = "";
				SWIFT_VERSION = 4.0;
			};
			name = Release;
		};
/* End XCBuildConfiguration section */

/* Begin XCConfigurationList section */
		18EB49881D694AC600D56D77 /* Build configuration list for PBXProject "LFPageViewController" */ = {
			isa = XCConfigurationList;
			buildConfigurations = (
				18EB499D1D694AC600D56D77 /* Debug */,
				18EB499E1D694AC600D56D77 /* Release */,
			);
			defaultConfigurationIsVisible = 0;
			defaultConfigurationName = Release;
		};
		18EB499F1D694AC600D56D77 /* Build configuration list for PBXNativeTarget "LFPageViewController" */ = {
			isa = XCConfigurationList;
			buildConfigurations = (
				18EB49A01D694AC600D56D77 /* Debug */,
				18EB49A11D694AC600D56D77 /* Release */,
			);
			defaultConfigurationIsVisible = 0;
			defaultConfigurationName = Release;
		};
/* End XCConfigurationList section */
	};
	rootObject = 18EB49851D694AC600D56D77 /* Project object */;
}
